
Microsoft Visual Studio Solution File, Format Version 12.00
# Visual Studio 15
VisualStudioVersion = 15.0.28010.2048
MinimumVisualStudioVersion = 10.0.40219.1
Project("{FAE04EC0-301F-11D3-BF4B-00C04F79EFBC}") = "KartSkills", "KartSkills\KartSkills.csproj", "{6EF3032F-D83E-476C-8C10-33AD40E217E5}"
EndProject
Global
	GlobalSection(SolutionConfigurationPlatforms) = preSolution
		Debug|Any CPU = Debug|Any CPU
		Release|Any CPU = Release|Any CPU
	EndGlobalSection
	GlobalSection(ProjectConfigurationPlatforms) = postSolution
		{6EF3032F-D83E-476C-8C10-33AD40E217E5}.Debug|Any CPU.ActiveCfg = Debug|Any CPU
		{6EF3032F-D83E-476C-8C10-33AD40E217E5}.Debug|Any CPU.Build.0 = Debug|Any CPU
		{6EF3032F-D83E-476C-8C10-33AD40E217E5}.Release|Any CPU.ActiveCfg = Release|Any CPU
		{6EF3032F-D83E-476C-8C10-33AD40E217E5}.Release|Any CPU.Build.0 = Release|Any CPU
	EndGlobalSection
	GlobalSection(SolutionProperties) = preSolution
		HideSolutionNode = FALSE
	EndGlobalSection
	GlobalSection(ExtensibilityGlobals) = postSolution
		SolutionGuid = {0ECAA98C-5B3A-44A5-9717-674765CB35CF}
	EndGlobalSection
EndGlobal
